
Microsoft Visual Studio Solution File, Format Version 12.00
# Visual Studio Version 17
VisualStudioVersion = 17.0.32112.339
MinimumVisualStudioVersion = 10.0.40219.1
Project("{FAE04EC0-301F-11D3-BF4B-00C04F79EFBC}") = "CaseAnalyzer", "CaseAnalyzer\CaseAnalyzer.csproj", "{57FC64E5-188B-4BD4-86C8-0A4E7B9835A2}"
EndProject
Project("{FAE04EC0-301F-11D3-BF4B-00C04F79EFBC}") = "CaseAnalyzerUnitTestProject", "CaseAnalyzerUnitTestProject\CaseAnalyzerUnitTestProject.csproj", "{A4588160-CF86-4B39-AE9E-A153A73EA78A}"
EndProject
Global
	GlobalSection(SolutionConfigurationPlatforms) = preSolution
		Debug|Any CPU = Debug|Any CPU
		Release|Any CPU = Release|Any CPU
	EndGlobalSection
	GlobalSection(ProjectConfigurationPlatforms) = postSolution
		{57FC64E5-188B-4BD4-86C8-0A4E7B9835A2}.Debug|Any CPU.ActiveCfg = Debug|Any CPU
		{57FC64E5-188B-4BD4-86C8-0A4E7B9835A2}.Debug|Any CPU.Build.0 = Debug|Any CPU
		{57FC64E5-188B-4BD4-86C8-0A4E7B9835A2}.Release|Any CPU.ActiveCfg = Release|Any CPU
		{57FC64E5-188B-4BD4-86C8-0A4E7B9835A2}.Release|Any CPU.Build.0 = Release|Any CPU
		{A4588160-CF86-4B39-AE9E-A153A73EA78A}.Debug|Any CPU.ActiveCfg = Debug|Any CPU
		{A4588160-CF86-4B39-AE9E-A153A73EA78A}.Debug|Any CPU.Build.0 = Debug|Any CPU
		{A4588160-CF86-4B39-AE9E-A153A73EA78A}.Release|Any CPU.ActiveCfg = Release|Any CPU
		{A4588160-CF86-4B39-AE9E-A153A73EA78A}.Release|Any CPU.Build.0 = Release|Any CPU
	EndGlobalSection
	GlobalSection(SolutionProperties) = preSolution
		HideSolutionNode = FALSE
	EndGlobalSection
	GlobalSection(ExtensibilityGlobals) = postSolution
		SolutionGuid = {F00699A1-45EC-4950-A544-CB51D7EF0993}
	EndGlobalSection
EndGlobal
